// !$*UTF8*$!
{
	archiveVersion = 1;
	classes = {
	};
	objectVersion = 46;
	objects = {

/* Begin PBXBuildFile section */
		08A179D019A7854B00E4DFEB /* AppDelegate.swift in Sources */ = {isa = PBXBuildFile; fileRef = 08A179CF19A7854B00E4DFEB /* AppDelegate.swift */; };
		08A179D219A7854B00E4DFEB /* ViewController.swift in Sources */ = {isa = PBXBuildFile; fileRef = 08A179D119A7854B00E4DFEB /* ViewController.swift */; };
		08A179D519A7854B00E4DFEB /* Main.storyboard in Resources */ = {isa = PBXBuildFile; fileRef = 08A179D319A7854B00E4DFEB /* Main.storyboard */; };
		08A179D719A7854B00E4DFEB /* Images.xcassets in Resources */ = {isa = PBXBuildFile; fileRef = 08A179D619A7854B00E4DFEB /* Images.xcassets */; };
		08A179E319A7854B00E4DFEB /* The_Swift_ListTests.swift in Sources */ = {isa = PBXBuildFile; fileRef = 08A179E219A7854B00E4DFEB /* The_Swift_ListTests.swift */; };
/* End PBXBuildFile section */

/* Begin PBXContainerItemProxy section */
		08A179DD19A7854B00E4DFEB /* PBXContainerItemProxy */ = {
			isa = PBXContainerItemProxy;
			containerPortal = 08A179C219A7854B00E4DFEB /* Project object */;
			proxyType = 1;
			remoteGlobalIDString = 08A179C919A7854B00E4DFEB;
			remoteInfo = "The Swift List";
		};
/* End PBXContainerItemProxy section */

/* Begin PBXFileReference section */
		08A179CA19A7854B00E4DFEB /* The Swift List.app */ = {isa = PBXFileReference; explicitFileType = wrapper.application; includeInIndex = 0; path = "The Swift List.app"; sourceTree = BUILT_PRODUCTS_DIR; };
		08A179CE19A7854B00E4DFEB /* Info.plist */ = {isa = PBXFileReference; lastKnownFileType = text.plist.xml; path = Info.plist; sourceTree = "<group>"; };
		08A179CF19A7854B00E4DFEB /* AppDelegate.swift */ = {isa = PBXFileReference; lastKnownFileType = sourcecode.swift; path = AppDelegate.swift; sourceTree = "<group>"; };
		08A179D119A7854B00E4DFEB /* ViewController.swift */ = {isa = PBXFileReference; lastKnownFileType = sourcecode.swift; path = ViewController.swift; sourceTree = "<group>"; };
		08A179D419A7854B00E4DFEB /* Base */ = {isa = PBXFileReference; lastKnownFileType = file.storyboard; name = Base; path = Base.lproj/Main.storyboard; sourceTree = "<group>"; };
		08A179D619A7854B00E4DFEB /* Images.xcassets */ = {isa = PBXFileReference; lastKnownFileType = folder.assetcatalog; path = Images.xcassets; sourceTree = "<group>"; };
		08A179DC19A7854B00E4DFEB /* The Swift ListTests.xctest */ = {isa = PBXFileReference; explicitFileType = wrapper.cfbundle; includeInIndex = 0; path = "The Swift ListTests.xctest"; sourceTree = BUILT_PRODUCTS_DIR; };
		08A179E119A7854B00E4DFEB /* Info.plist */ = {isa = PBXFileReference; lastKnownFileType = text.plist.xml; path = Info.plist; sourceTree = "<group>"; };
		08A179E219A7854B00E4DFEB /* The_Swift_ListTests.swift */ = {isa = PBXFileReference; lastKnownFileType = sourcecode.swift; path = The_Swift_ListTests.swift; sourceTree = "<group>"; };
/* End PBXFileReference section */

/* Begin PBXFrameworksBuildPhase section */
		08A179C719A7854B00E4DFEB /* Frameworks */ = {
			isa = PBXFrameworksBuildPhase;
			buildActionMask = 2147483647;
			files = (
			);
			runOnlyForDeploymentPostprocessing = 0;
		};
		08A179D919A7854B00E4DFEB /* Frameworks */ = {
			isa = PBXFrameworksBuildPhase;
			buildActionMask = 2147483647;
			files = (
			);
			runOnlyForDeploymentPostprocessing = 0;
		};
/* End PBXFrameworksBuildPhase section */

/* Begin PBXGroup section */
		08A179C119A7854B00E4DFEB = {
			isa = PBXGroup;
			children = (
				08A179CC19A7854B00E4DFEB /* The Swift List */,
				08A179DF19A7854B00E4DFEB /* The Swift ListTests */,
				08A179CB19A7854B00E4DFEB /* Products */,
			);
			sourceTree = "<group>";
		};
		08A179CB19A7854B00E4DFEB /* Products */ = {
			isa = PBXGroup;
			children = (
				08A179CA19A7854B00E4DFEB /* The Swift List.app */,
				08A179DC19A7854B00E4DFEB /* The Swift ListTests.xctest */,
			);
			name = Products;
			sourceTree = "<group>";
		};
		08A179CC19A7854B00E4DFEB /* The Swift List */ = {
			isa = PBXGroup;
			children = (
				08A179CF19A7854B00E4DFEB /* AppDelegate.swift */,
				08A179D119A7854B00E4DFEB /* ViewController.swift */,
				08A179D319A7854B00E4DFEB /* Main.storyboard */,
				08A179D619A7854B00E4DFEB /* Images.xcassets */,
				08A179CD19A7854B00E4DFEB /* Supporting Files */,
			);
			path = "The Swift List";
			sourceTree = "<group>";
		};
		08A179CD19A7854B00E4DFEB /* Supporting Files */ = {
			isa = PBXGroup;
			children = (
				08A179CE19A7854B00E4DFEB /* Info.plist */,
			);
			name = "Supporting Files";
			sourceTree = "<group>";
		};
		08A179DF19A7854B00E4DFEB /* The Swift ListTests */ = {
			isa = PBXGroup;
			children = (
				08A179E219A7854B00E4DFEB /* The_Swift_ListTests.swift */,
				08A179E019A7854B00E4DFEB /* Supporting Files */,
			);
			path = "The Swift ListTests";
			sourceTree = "<group>";
		};
		08A179E019A7854B00E4DFEB /* Supporting Files */ = {
			isa = PBXGroup;
			children = (
				08A179E119A7854B00E4DFEB /* Info.plist */,
			);
			name = "Supporting Files";
			sourceTree = "<group>";
		};
/* End PBXGroup section */

/* Begin PBXNativeTarget section */
		08A179C919A7854B00E4DFEB /* The Swift List */ = {
			isa = PBXNativeTarget;
			buildConfigurationList = 08A179E619A7854B00E4DFEB /* Build configuration list for PBXNativeTarget "The Swift List" */;
			buildPhases = (
				08A179C619A7854B00E4DFEB /* Sources */,
				08A179C719A7854B00E4DFEB /* Frameworks */,
				08A179C819A7854B00E4DFEB /* Resources */,
			);
			buildRules = (
			);
			dependencies = (
			);
			name = "The Swift List";
			productName = "The Swift List";
			productReference = 08A179CA19A7854B00E4DFEB /* The Swift List.app */;
			productType = "com.apple.product-type.application";
		};
		08A179DB19A7854B00E4DFEB /* The Swift ListTests */ = {
			isa = PBXNativeTarget;
			buildConfigurationList = 08A179E919A7854B00E4DFEB /* Build configuration list for PBXNativeTarget "The Swift ListTests" */;
			buildPhases = (
				08A179D819A7854B00E4DFEB /* Sources */,
				08A179D919A7854B00E4DFEB /* Frameworks */,
				08A179DA19A7854B00E4DFEB /* Resources */,
			);
			buildRules = (
			);
			dependencies = (
				08A179DE19A7854B00E4DFEB /* PBXTargetDependency */,
			);
			name = "The Swift ListTests";
			productName = "The Swift ListTests";
			productReference = 08A179DC19A7854B00E4DFEB /* The Swift ListTests.xctest */;
			productType = "com.apple.product-type.bundle.unit-test";
		};
/* End PBXNativeTarget section */

/* Begin PBXProject section */
		08A179C219A7854B00E4DFEB /* Project object */ = {
			isa = PBXProject;
			attributes = {
				LastUpgradeCheck = 0600;
				ORGANIZATIONNAME = "Jaime Connor";
				TargetAttributes = {
					08A179C919A7854B00E4DFEB = {
						CreatedOnToolsVersion = 6.0;
					};
					08A179DB19A7854B00E4DFEB = {
						CreatedOnToolsVersion = 6.0;
						TestTargetID = 08A179C919A7854B00E4DFEB;
					};
				};
			};
			buildConfigurationList = 08A179C519A7854B00E4DFEB /* Build configuration list for PBXProject "The Swift List" */;
			compatibilityVersion = "Xcode 3.2";
			developmentRegion = English;
			hasScannedForEncodings = 0;
			knownRegions = (
				en,
				Base,
			);
			mainGroup = 08A179C119A7854B00E4DFEB;
			productRefGroup = 08A179CB19A7854B00E4DFEB /* Products */;
			projectDirPath = "";
			projectRoot = "";
			targets = (
				08A179C919A7854B00E4DFEB /* The Swift List */,
				08A179DB19A7854B00E4DFEB /* The Swift ListTests */,
			);
		};
/* End PBXProject section */

/* Begin PBXResourcesBuildPhase section */
		08A179C819A7854B00E4DFEB /* Resources */ = {
			isa = PBXResourcesBuildPhase;
			buildActionMask = 2147483647;
			files = (
				08A179D519A7854B00E4DFEB /* Main.storyboard in Resources */,
				08A179D719A7854B00E4DFEB /* Images.xcassets in Resources */,
			);
			runOnlyForDeploymentPostprocessing = 0;
		};
		08A179DA19A7854B00E4DFEB /* Resources */ = {
			isa = PBXResourcesBuildPhase;
			buildActionMask = 2147483647;
			files = (
			);
			runOnlyForDeploymentPostprocessing = 0;
		};
/* End PBXResourcesBuildPhase section */

/* Begin PBXSourcesBuildPhase section */
		08A179C619A7854B00E4DFEB /* Sources */ = {
			isa = PBXSourcesBuildPhase;
			buildActionMask = 2147483647;
			files = (
				08A179D219A7854B00E4DFEB /* ViewController.swift in Sources */,
				08A179D019A7854B00E4DFEB /* AppDelegate.swift in Sources */,
			);
			runOnlyForDeploymentPostprocessing = 0;
		};
		08A179D819A7854B00E4DFEB /* Sources */ = {
			isa = PBXSourcesBuildPhase;
			buildActionMask = 2147483647;
			files = (
				08A179E319A7854B00E4DFEB /* The_Swift_ListTests.swift in Sources */,
			);
			runOnlyForDeploymentPostprocessing = 0;
		};
/* End PBXSourcesBuildPhase section */

/* Begin PBXTargetDependency section */
		08A179DE19A7854B00E4DFEB /* PBXTargetDependency */ = {
			isa = PBXTargetDependency;
			target = 08A179C919A7854B00E4DFEB /* The Swift List */;
			targetProxy = 08A179DD19A7854B00E4DFEB /* PBXContainerItemProxy */;
		};
/* End PBXTargetDependency section */

/* Begin PBXVariantGroup section */
		08A179D319A7854B00E4DFEB /* Main.storyboard */ = {
			isa = PBXVariantGroup;
			children = (
				08A179D419A7854B00E4DFEB /* Base */,
			);
			name = Main.storyboard;
			sourceTree = "<group>";
		};
/* End PBXVariantGroup section */

/* Begin XCBuildConfiguration section */
		08A179E419A7854B00E4DFEB /* Debug */ = {
			isa = XCBuildConfiguration;
			buildSettings = {
				ALWAYS_SEARCH_USER_PATHS = NO;
				CLANG_CXX_LANGUAGE_STANDARD = "gnu++0x";
				CLANG_CXX_LIBRARY = "libc++";
				CLANG_ENABLE_MODULES = YES;
				CLANG_ENABLE_OBJC_ARC = YES;
				CLANG_WARN_BOOL_CONVERSION = YES;
				CLANG_WARN_CONSTANT_CONVERSION = YES;
				CLANG_WARN_DIRECT_OBJC_ISA_USAGE = YES_ERROR;
				CLANG_WARN_EMPTY_BODY = YES;
				CLANG_WARN_ENUM_CONVERSION = YES;
				CLANG_WARN_INT_CONVERSION = YES;
				CLANG_WARN_OBJC_ROOT_CLASS = YES_ERROR;
				CLANG_WARN_UNREACHABLE_CODE = YES;
				CLANG_WARN__DUPLICATE_METHOD_MATCH = YES;
				"CODE_SIGN_IDENTITY[sdk=iphoneos*]" = "iPhone Developer";
				COPY_PHASE_STRIP = NO;
				ENABLE_STRICT_OBJC_MSGSEND = YES;
				GCC_C_LANGUAGE_STANDARD = gnu99;
				GCC_DYNAMIC_NO_PIC = NO;
				GCC_OPTIMIZATION_LEVEL = 0;
				GCC_PREPROCESSOR_DEFINITIONS = (
					"DEBUG=1",
					"$(inherited)",
				);
				GCC_SYMBOLS_PRIVATE_EXTERN = NO;
				GCC_WARN_64_TO_32_BIT_CONVERSION = YES;
				GCC_WARN_ABOUT_RETURN_TYPE = YES_ERROR;
				GCC_WARN_UNDECLARED_SELECTOR = YES;
				GCC_WARN_UNINITIALIZED_AUTOS = YES_AGGRESSIVE;
				GCC_WARN_UNUSED_FUNCTION = YES;
				GCC_WARN_UNUSED_VARIABLE = YES;
				IPHONEOS_DEPLOYMENT_TARGET = 8.0;
				MTL_ENABLE_DEBUG_INFO = YES;
				ONLY_ACTIVE_ARCH = YES;
				SDKROOT = iphoneos;
				SWIFT_OPTIMIZATION_LEVEL = "-Onone";
			};
			name = Debug;
		};
		08A179E519A7854B00E4DFEB /* Release */ = {
			isa = XCBuildConfiguration;
			buildSettings = {
				ALWAYS_SEARCH_USER_PATHS = NO;
				CLANG_CXX_LANGUAGE_STANDARD = "gnu++0x";
				CLANG_CXX_LIBRARY = "libc++";
				CLANG_ENABLE_MODULES = YES;
				CLANG_ENABLE_OBJC_ARC = YES;
				CLANG_WARN_BOOL_CONVERSION = YES;
				CLANG_WARN_CONSTANT_CONVERSION = YES;
				CLANG_WARN_DIRECT_OBJC_ISA_USAGE = YES_ERROR;
				CLANG_WARN_EMPTY_BODY = YES;
				CLANG_WARN_ENUM_CONVERSION = YES;
				CLANG_WARN_INT_CONVERSION = YES;
				CLANG_WARN_OBJC_ROOT_CLASS = YES_ERROR;
				CLANG_WARN_UNREACHABLE_CODE = YES;
				CLANG_WARN__DUPLICATE_METHOD_MATCH = YES;
				"CODE_SIGN_IDENTITY[sdk=iphoneos*]" = "iPhone Developer";
				COPY_PHASE_STRIP = YES;
				ENABLE_NS_ASSERTIONS = NO;
				ENABLE_STRICT_OBJC_MSGSEND = YES;
				GCC_C_LANGUAGE_STANDARD = gnu99;
				GCC_WARN_64_TO_32_BIT_CONVERSION = YES;
				GCC_WARN_ABOUT_RETURN_TYPE = YES_ERROR;
				GCC_WARN_UNDECLARED_SELECTOR = YES;
				GCC_WARN_UNINITIALIZED_AUTOS = YES_AGGRESSIVE;
				GCC_WARN_UNUSED_FUNCTION = YES;
				GCC_WARN_UNUSED_VARIABLE = YES;
				IPHONEOS_DEPLOYMENT_TARGET = 8.0;
				MTL_ENABLE_DEBUG_INFO = NO;
				SDKROOT = iphoneos;
				VALIDATE_PRODUCT = YES;
			};
			name = Release;
		};
		08A179E719A7854B00E4DFEB /* Debug */ = {
			isa = XCBuildConfiguration;
			buildSettings = {
				ASSETCATALOG_COMPILER_APPICON_NAME = AppIcon;
				ASSETCATALOG_COMPILER_LAUNCHIMAGE_NAME = LaunchImage;
				INFOPLIST_FILE = "The Swift List/Info.plist";
				LD_RUNPATH_SEARCH_PATHS = "$(inherited) @executable_path/Frameworks";
				PRODUCT_NAME = "$(TARGET_NAME)";
			};
			name = Debug;
		};
		08A179E819A7854B00E4DFEB /* Release */ = {
			isa = XCBuildConfiguration;
			buildSettings = {
				ASSETCATALOG_COMPILER_APPICON_NAME = AppIcon;
				ASSETCATALOG_COMPILER_LAUNCHIMAGE_NAME = LaunchImage;
				INFOPLIST_FILE = "The Swift List/Info.plist";
				LD_RUNPATH_SEARCH_PATHS = "$(inherited) @executable_path/Frameworks";
				PRODUCT_NAME = "$(TARGET_NAME)";
			};
			name = Release;
		};
		08A179EA19A7854B00E4DFEB /* Debug */ = {
			isa = XCBuildConfiguration;
			buildSettings = {
				BUNDLE_LOADER = "$(TEST_HOST)";
				FRAMEWORK_SEARCH_PATHS = (
					"$(SDKROOT)/Developer/Library/Frameworks",
					"$(inherited)",
				);
				GCC_PREPROCESSOR_DEFINITIONS = (
					"DEBUG=1",
					"$(inherited)",
				);
				INFOPLIST_FILE = "The Swift ListTests/Info.plist";
				LD_RUNPATH_SEARCH_PATHS = "$(inherited) @executable_path/Frameworks @loader_path/Frameworks";
				PRODUCT_NAME = "$(TARGET_NAME)";
				TEST_HOST = "$(BUILT_PRODUCTS_DIR)/The Swift List.app/The Swift List";
			};
			name = Debug;
		};
		08A179EB19A7854B00E4DFEB /* Release */ = {
			isa = XCBuildConfiguration;
			buildSettings = {
				BUNDLE_LOADER = "$(TEST_HOST)";
				FRAMEWORK_SEARCH_PATHS = (
					"$(SDKROOT)/Developer/Library/Frameworks",
					"$(inherited)",
				);
				INFOPLIST_FILE = "The Swift ListTests/Info.plist";
				LD_RUNPATH_SEARCH_PATHS = "$(inherited) @executable_path/Frameworks @loader_path/Frameworks";
				PRODUCT_NAME = "$(TARGET_NAME)";
				TEST_HOST = "$(BUILT_PRODUCTS_DIR)/The Swift List.app/The Swift List";
			};
			name = Release;
		};
/* End XCBuildConfiguration section */

/* Begin XCConfigurationList section */
		08A179C519A7854B00E4DFEB /* Build configuration list for PBXProject "The Swift List" */ = {
			isa = XCConfigurationList;
			buildConfigurations = (
				08A179E419A7854B00E4DFEB /* Debug */,
				08A179E519A7854B00E4DFEB /* Release */,
			);
			defaultConfigurationIsVisible = 0;
			defaultConfigurationName = Release;
		};
		08A179E619A7854B00E4DFEB /* Build configuration list for PBXNativeTarget "The Swift List" */ = {
			isa = XCConfigurationList;
			buildConfigurations = (
				08A179E719A7854B00E4DFEB /* Debug */,
				08A179E819A7854B00E4DFEB /* Release */,
			);
			defaultConfigurationIsVisible = 0;
		};
		08A179E919A7854B00E4DFEB /* Build configuration list for PBXNativeTarget "The Swift ListTests" */ = {
			isa = XCConfigurationList;
			buildConfigurations = (
				08A179EA19A7854B00E4DFEB /* Debug */,
				08A179EB19A7854B00E4DFEB /* Release */,
			);
			defaultConfigurationIsVisible = 0;
		};
/* End XCConfigurationList section */
	};
	rootObject = 08A179C219A7854B00E4DFEB /* Project object */;
}
